
Microsoft Visual Studio Solution File, Format Version 12.00
# Visual Studio Version 17
VisualStudioVersion = 17.13.35931.197
MinimumVisualStudioVersion = 10.0.40219.1
Project("{FAE04EC0-301F-11D3-BF4B-00C04F79EFBC}") = "AccountsBalanceViewerAPI", "AccountsBalanceViewerAPI\AccountsBalanceViewerAPI.csproj", "{6C6F862F-117E-4F2B-83A9-F0853DD08DBE}"
EndProject
Project("{FAE04EC0-301F-11D3-BF4B-00C04F79EFBC}") = "AccountsBalanceViewerAPI.Application", "AccountsBalanceViewerAPI.Application\AccountsBalanceViewerAPI.Application.csproj", "{9E4815EF-799A-4D63-A74C-AF4A75BACA92}"
EndProject
Project("{FAE04EC0-301F-11D3-BF4B-00C04F79EFBC}") = "AccountsBalanceViewerAPI.Domain", "AccountsBalanceViewerAPI.Domain\AccountsBalanceViewerAPI.Domain.csproj", "{395841F7-F9D8-4DC1-BCFE-4128EECC996B}"
EndProject
Project("{FAE04EC0-301F-11D3-BF4B-00C04F79EFBC}") = "AccountsBalanceViewerAPI.Infrastructure", "AccountsBalanceViewerAPI.Infrastructure\AccountsBalanceViewerAPI.Infrastructure.csproj", "{AF5E45BC-43C2-43DA-8235-C38ECD4D82E3}"
EndProject
Project("{2150E333-8FDC-42A3-9474-1A3956D46DE8}") = "tests", "tests", "{02EA681E-C7D8-13C7-8484-4AC65E1B71E8}"
EndProject
Project("{FAE04EC0-301F-11D3-BF4B-00C04F79EFBC}") = "AccountsBalanceViewerAPI.Tests.Unit", "AccountsBalanceViewerAPI.Tests.Unit\AccountsBalanceViewerAPI.Tests.Unit.csproj", "{3F79AAE3-FAAD-4D0F-9D56-96F21463AE97}"
EndProject
Global
	GlobalSection(SolutionConfigurationPlatforms) = preSolution
		Debug|Any CPU = Debug|Any CPU
		Release|Any CPU = Release|Any CPU
	EndGlobalSection
	GlobalSection(ProjectConfigurationPlatforms) = postSolution
		{6C6F862F-117E-4F2B-83A9-F0853DD08DBE}.Debug|Any CPU.ActiveCfg = Debug|Any CPU
		{6C6F862F-117E-4F2B-83A9-F0853DD08DBE}.Debug|Any CPU.Build.0 = Debug|Any CPU
		{6C6F862F-117E-4F2B-83A9-F0853DD08DBE}.Release|Any CPU.ActiveCfg = Release|Any CPU
		{6C6F862F-117E-4F2B-83A9-F0853DD08DBE}.Release|Any CPU.Build.0 = Release|Any CPU
		{9E4815EF-799A-4D63-A74C-AF4A75BACA92}.Debug|Any CPU.ActiveCfg = Debug|Any CPU
		{9E4815EF-799A-4D63-A74C-AF4A75BACA92}.Debug|Any CPU.Build.0 = Debug|Any CPU
		{9E4815EF-799A-4D63-A74C-AF4A75BACA92}.Release|Any CPU.ActiveCfg = Release|Any CPU
		{9E4815EF-799A-4D63-A74C-AF4A75BACA92}.Release|Any CPU.Build.0 = Release|Any CPU
		{395841F7-F9D8-4DC1-BCFE-4128EECC996B}.Debug|Any CPU.ActiveCfg = Debug|Any CPU
		{395841F7-F9D8-4DC1-BCFE-4128EECC996B}.Debug|Any CPU.Build.0 = Debug|Any CPU
		{395841F7-F9D8-4DC1-BCFE-4128EECC996B}.Release|Any CPU.ActiveCfg = Release|Any CPU
		{395841F7-F9D8-4DC1-BCFE-4128EECC996B}.Release|Any CPU.Build.0 = Release|Any CPU
		{AF5E45BC-43C2-43DA-8235-C38ECD4D82E3}.Debug|Any CPU.ActiveCfg = Debug|Any CPU
		{AF5E45BC-43C2-43DA-8235-C38ECD4D82E3}.Debug|Any CPU.Build.0 = Debug|Any CPU
		{AF5E45BC-43C2-43DA-8235-C38ECD4D82E3}.Release|Any CPU.ActiveCfg = Release|Any CPU
		{AF5E45BC-43C2-43DA-8235-C38ECD4D82E3}.Release|Any CPU.Build.0 = Release|Any CPU
		{3F79AAE3-FAAD-4D0F-9D56-96F21463AE97}.Debug|Any CPU.ActiveCfg = Debug|Any CPU
		{3F79AAE3-FAAD-4D0F-9D56-96F21463AE97}.Debug|Any CPU.Build.0 = Debug|Any CPU
		{3F79AAE3-FAAD-4D0F-9D56-96F21463AE97}.Release|Any CPU.ActiveCfg = Release|Any CPU
		{3F79AAE3-FAAD-4D0F-9D56-96F21463AE97}.Release|Any CPU.Build.0 = Release|Any CPU
	EndGlobalSection
	GlobalSection(SolutionProperties) = preSolution
		HideSolutionNode = FALSE
	EndGlobalSection
	GlobalSection(NestedProjects) = preSolution
		{3F79AAE3-FAAD-4D0F-9D56-96F21463AE97} = {02EA681E-C7D8-13C7-8484-4AC65E1B71E8}
	EndGlobalSection
	GlobalSection(ExtensibilityGlobals) = postSolution
		SolutionGuid = {937E1438-2957-4300-A0DC-BF1C87AAA70F}
	EndGlobalSection
EndGlobal
